
Microsoft Visual Studio Solution File, Format Version 12.00
# Visual Studio Version 16
VisualStudioVersion = 16.0.31105.61
MinimumVisualStudioVersion = 10.0.40219.1
Project("{E53339B2-1760-4266-BCC7-CA923CBCF16C}") = "docker-compose", "docker-compose.dcproj", "{FEA0C318-FFED-4D39-8781-265718CA43DD}"
EndProject
Project("{2150E333-8FDC-42A3-9474-1A3956D46DE8}") = "Services", "Services", "{90D59615-1859-4A6D-BEB5-F8319ACF7D44}"
EndProject
Project("{2150E333-8FDC-42A3-9474-1A3956D46DE8}") = "Aggregators", "Aggregators", "{FF9D62F8-9E29-4ADD-BF40-8AF01A294EDB}"
EndProject
Project("{2150E333-8FDC-42A3-9474-1A3956D46DE8}") = "Satellite", "Satellite", "{2499C036-1753-4DF5-B0AA-D2A1ECD11D53}"
EndProject
Project("{9A19103F-16F7-4668-BE54-9A1E7A4F7556}") = "Satellite.Api", "Services\Satellite\Satellite.Api\Satellite.Api.csproj", "{37B7119D-315E-4A32-9C10-23162E6F58E3}"
EndProject
Project("{9A19103F-16F7-4668-BE54-9A1E7A4F7556}") = "Satellite.Dto", "Services\Satellite\Satellite.Dto\Satellite.Dto.csproj", "{CE104DA0-9ABC-4BA0-9B3F-8F1E2012759B}"
EndProject
Project("{9A19103F-16F7-4668-BE54-9A1E7A4F7556}") = "Satellite.Test", "Services\Satellite\Satellite.Test\Satellite.Test.csproj", "{41ED37DA-AB4A-4071-B898-2525CA05E3C7}"
EndProject
Project("{2150E333-8FDC-42A3-9474-1A3956D46DE8}") = "test", "test", "{9FF3684D-D2C0-475E-AA11-0DF455CC4AD8}"
EndProject
Project("{2150E333-8FDC-42A3-9474-1A3956D46DE8}") = "Radio", "Radio", "{AB3C3819-8CA4-40A0-8632-9D5C812D5876}"
EndProject
Project("{9A19103F-16F7-4668-BE54-9A1E7A4F7556}") = "Radio.Api", "Aggregators\Radio\Radio.Api\Radio.Api.csproj", "{B56D0535-9703-4E13-911B-D22EADFE7A66}"
EndProject
Project("{9A19103F-16F7-4668-BE54-9A1E7A4F7556}") = "Radio.Dto", "Aggregators\Radio\Radio.Dto\Radio.Dto.csproj", "{9AFFF9E9-F413-4359-9B1A-7EEB11D45C07}"
EndProject
Project("{2150E333-8FDC-42A3-9474-1A3956D46DE8}") = "test", "test", "{4593B559-F75D-465C-95EE-D1EFB743EA4C}"
EndProject
Project("{9A19103F-16F7-4668-BE54-9A1E7A4F7556}") = "Radio.Test", "Aggregators\Radio\Radio.Test\Radio.Test.csproj", "{B71374DA-FC8A-425D-BAC9-AA00E5EED713}"
EndProject
Project("{2150E333-8FDC-42A3-9474-1A3956D46DE8}") = "Location", "Location", "{AB21A28F-79CE-4900-A640-8DB81BB39483}"
EndProject
Project("{2150E333-8FDC-42A3-9474-1A3956D46DE8}") = "Message", "Message", "{F2BF37BE-DF2D-4B4E-87B3-4252CD983C61}"
EndProject
Project("{9A19103F-16F7-4668-BE54-9A1E7A4F7556}") = "Location.Api", "Services\Location\Location.Api\Location.Api.csproj", "{D03A4C6E-8BC7-4070-AC7B-22F5DAC3DC16}"
EndProject
Project("{9A19103F-16F7-4668-BE54-9A1E7A4F7556}") = "Location.Dto", "Services\Location\Location.Dto\Location.Dto.csproj", "{32EFC91C-731B-4B31-A4E5-4B650D4E9AE8}"
EndProject
Project("{2150E333-8FDC-42A3-9474-1A3956D46DE8}") = "test", "test", "{0DA5441A-F11C-45C9-B4AD-A66C7AB0883D}"
EndProject
Project("{2150E333-8FDC-42A3-9474-1A3956D46DE8}") = "test", "test", "{F897F4CC-78D7-4BB1-95DF-8517E049D340}"
EndProject
Project("{9A19103F-16F7-4668-BE54-9A1E7A4F7556}") = "Location.Test", "Services\Location\Location.Test\Location.Test.csproj", "{8AB9DC30-756D-435E-AD84-9DAC51EDC304}"
EndProject
Project("{9A19103F-16F7-4668-BE54-9A1E7A4F7556}") = "Message.Api", "Services\Message\Message.Api\Message.Api.csproj", "{7913E545-194F-4846-B8C7-E6E31762F6AF}"
EndProject
Project("{9A19103F-16F7-4668-BE54-9A1E7A4F7556}") = "Message.Dto", "Services\Message\Message.Dto\Message.Dto.csproj", "{819DC27C-26BC-464A-80CA-3864773D4062}"
EndProject
Project("{9A19103F-16F7-4668-BE54-9A1E7A4F7556}") = "Message.Test", "Services\Message\Message.Test\Message.Test.csproj", "{EBD796AC-2F41-431C-90F6-FD66BBB5FDB6}"
EndProject
Project("{2150E333-8FDC-42A3-9474-1A3956D46DE8}") = "MessageStorage", "MessageStorage", "{9176C881-0A98-4255-93F8-79BB2002D72D}"
EndProject
Project("{2150E333-8FDC-42A3-9474-1A3956D46DE8}") = "test", "test", "{39428970-6C7B-4BA9-ABD6-2C7EE777730E}"
EndProject
Project("{9A19103F-16F7-4668-BE54-9A1E7A4F7556}") = "MessageStorage.Api", "Services\MessageStorage\MessageStorage.Api\MessageStorage.Api.csproj", "{BDA2CB7B-1739-4967-B028-9D3E6DFDB0CC}"
EndProject
Project("{9A19103F-16F7-4668-BE54-9A1E7A4F7556}") = "MessageStorage.Dto", "Services\MessageStorage\MessageStorage.Dto\MessageStorage.Dto.csproj", "{17C9E1F2-ED28-4812-9F5D-0FFD21B7404E}"
EndProject
Project("{9A19103F-16F7-4668-BE54-9A1E7A4F7556}") = "MessageStorage.Test", "Services\MessageStorage\MessageStorage.Test\MessageStorage.Test.csproj", "{98A5A872-6556-4EFA-A673-E12A1C2414DC}"
EndProject
Global
	GlobalSection(SolutionConfigurationPlatforms) = preSolution
		Debug|Any CPU = Debug|Any CPU
		Release|Any CPU = Release|Any CPU
	EndGlobalSection
	GlobalSection(ProjectConfigurationPlatforms) = postSolution
		{FEA0C318-FFED-4D39-8781-265718CA43DD}.Debug|Any CPU.ActiveCfg = Debug|Any CPU
		{FEA0C318-FFED-4D39-8781-265718CA43DD}.Debug|Any CPU.Build.0 = Debug|Any CPU
		{FEA0C318-FFED-4D39-8781-265718CA43DD}.Release|Any CPU.ActiveCfg = Release|Any CPU
		{FEA0C318-FFED-4D39-8781-265718CA43DD}.Release|Any CPU.Build.0 = Release|Any CPU
		{37B7119D-315E-4A32-9C10-23162E6F58E3}.Debug|Any CPU.ActiveCfg = Debug|Any CPU
		{37B7119D-315E-4A32-9C10-23162E6F58E3}.Debug|Any CPU.Build.0 = Debug|Any CPU
		{37B7119D-315E-4A32-9C10-23162E6F58E3}.Release|Any CPU.ActiveCfg = Release|Any CPU
		{37B7119D-315E-4A32-9C10-23162E6F58E3}.Release|Any CPU.Build.0 = Release|Any CPU
		{CE104DA0-9ABC-4BA0-9B3F-8F1E2012759B}.Debug|Any CPU.ActiveCfg = Debug|Any CPU
		{CE104DA0-9ABC-4BA0-9B3F-8F1E2012759B}.Debug|Any CPU.Build.0 = Debug|Any CPU
		{CE104DA0-9ABC-4BA0-9B3F-8F1E2012759B}.Release|Any CPU.ActiveCfg = Release|Any CPU
		{CE104DA0-9ABC-4BA0-9B3F-8F1E2012759B}.Release|Any CPU.Build.0 = Release|Any CPU
		{41ED37DA-AB4A-4071-B898-2525CA05E3C7}.Debug|Any CPU.ActiveCfg = Debug|Any CPU
		{41ED37DA-AB4A-4071-B898-2525CA05E3C7}.Debug|Any CPU.Build.0 = Debug|Any CPU
		{41ED37DA-AB4A-4071-B898-2525CA05E3C7}.Release|Any CPU.ActiveCfg = Release|Any CPU
		{41ED37DA-AB4A-4071-B898-2525CA05E3C7}.Release|Any CPU.Build.0 = Release|Any CPU
		{B56D0535-9703-4E13-911B-D22EADFE7A66}.Debug|Any CPU.ActiveCfg = Debug|Any CPU
		{B56D0535-9703-4E13-911B-D22EADFE7A66}.Debug|Any CPU.Build.0 = Debug|Any CPU
		{B56D0535-9703-4E13-911B-D22EADFE7A66}.Release|Any CPU.ActiveCfg = Release|Any CPU
		{B56D0535-9703-4E13-911B-D22EADFE7A66}.Release|Any CPU.Build.0 = Release|Any CPU
		{9AFFF9E9-F413-4359-9B1A-7EEB11D45C07}.Debug|Any CPU.ActiveCfg = Debug|Any CPU
		{9AFFF9E9-F413-4359-9B1A-7EEB11D45C07}.Debug|Any CPU.Build.0 = Debug|Any CPU
		{9AFFF9E9-F413-4359-9B1A-7EEB11D45C07}.Release|Any CPU.ActiveCfg = Release|Any CPU
		{9AFFF9E9-F413-4359-9B1A-7EEB11D45C07}.Release|Any CPU.Build.0 = Release|Any CPU
		{B71374DA-FC8A-425D-BAC9-AA00E5EED713}.Debug|Any CPU.ActiveCfg = Debug|Any CPU
		{B71374DA-FC8A-425D-BAC9-AA00E5EED713}.Debug|Any CPU.Build.0 = Debug|Any CPU
		{B71374DA-FC8A-425D-BAC9-AA00E5EED713}.Release|Any CPU.ActiveCfg = Release|Any CPU
		{B71374DA-FC8A-425D-BAC9-AA00E5EED713}.Release|Any CPU.Build.0 = Release|Any CPU
		{D03A4C6E-8BC7-4070-AC7B-22F5DAC3DC16}.Debug|Any CPU.ActiveCfg = Debug|Any CPU
		{D03A4C6E-8BC7-4070-AC7B-22F5DAC3DC16}.Debug|Any CPU.Build.0 = Debug|Any CPU
		{D03A4C6E-8BC7-4070-AC7B-22F5DAC3DC16}.Release|Any CPU.ActiveCfg = Release|Any CPU
		{D03A4C6E-8BC7-4070-AC7B-22F5DAC3DC16}.Release|Any CPU.Build.0 = Release|Any CPU
		{32EFC91C-731B-4B31-A4E5-4B650D4E9AE8}.Debug|Any CPU.ActiveCfg = Debug|Any CPU
		{32EFC91C-731B-4B31-A4E5-4B650D4E9AE8}.Debug|Any CPU.Build.0 = Debug|Any CPU
		{32EFC91C-731B-4B31-A4E5-4B650D4E9AE8}.Release|Any CPU.ActiveCfg = Release|Any CPU
		{32EFC91C-731B-4B31-A4E5-4B650D4E9AE8}.Release|Any CPU.Build.0 = Release|Any CPU
		{8AB9DC30-756D-435E-AD84-9DAC51EDC304}.Debug|Any CPU.ActiveCfg = Debug|Any CPU
		{8AB9DC30-756D-435E-AD84-9DAC51EDC304}.Debug|Any CPU.Build.0 = Debug|Any CPU
		{8AB9DC30-756D-435E-AD84-9DAC51EDC304}.Release|Any CPU.ActiveCfg = Release|Any CPU
		{8AB9DC30-756D-435E-AD84-9DAC51EDC304}.Release|Any CPU.Build.0 = Release|Any CPU
		{7913E545-194F-4846-B8C7-E6E31762F6AF}.Debug|Any CPU.ActiveCfg = Debug|Any CPU
		{7913E545-194F-4846-B8C7-E6E31762F6AF}.Debug|Any CPU.Build.0 = Debug|Any CPU
		{7913E545-194F-4846-B8C7-E6E31762F6AF}.Release|Any CPU.ActiveCfg = Release|Any CPU
		{7913E545-194F-4846-B8C7-E6E31762F6AF}.Release|Any CPU.Build.0 = Release|Any CPU
		{819DC27C-26BC-464A-80CA-3864773D4062}.Debug|Any CPU.ActiveCfg = Debug|Any CPU
		{819DC27C-26BC-464A-80CA-3864773D4062}.Debug|Any CPU.Build.0 = Debug|Any CPU
		{819DC27C-26BC-464A-80CA-3864773D4062}.Release|Any CPU.ActiveCfg = Release|Any CPU
		{819DC27C-26BC-464A-80CA-3864773D4062}.Release|Any CPU.Build.0 = Release|Any CPU
		{EBD796AC-2F41-431C-90F6-FD66BBB5FDB6}.Debug|Any CPU.ActiveCfg = Debug|Any CPU
		{EBD796AC-2F41-431C-90F6-FD66BBB5FDB6}.Debug|Any CPU.Build.0 = Debug|Any CPU
		{EBD796AC-2F41-431C-90F6-FD66BBB5FDB6}.Release|Any CPU.ActiveCfg = Release|Any CPU
		{EBD796AC-2F41-431C-90F6-FD66BBB5FDB6}.Release|Any CPU.Build.0 = Release|Any CPU
		{BDA2CB7B-1739-4967-B028-9D3E6DFDB0CC}.Debug|Any CPU.ActiveCfg = Debug|Any CPU
		{BDA2CB7B-1739-4967-B028-9D3E6DFDB0CC}.Debug|Any CPU.Build.0 = Debug|Any CPU
		{BDA2CB7B-1739-4967-B028-9D3E6DFDB0CC}.Release|Any CPU.ActiveCfg = Release|Any CPU
		{BDA2CB7B-1739-4967-B028-9D3E6DFDB0CC}.Release|Any CPU.Build.0 = Release|Any CPU
		{17C9E1F2-ED28-4812-9F5D-0FFD21B7404E}.Debug|Any CPU.ActiveCfg = Debug|Any CPU
		{17C9E1F2-ED28-4812-9F5D-0FFD21B7404E}.Debug|Any CPU.Build.0 = Debug|Any CPU
		{17C9E1F2-ED28-4812-9F5D-0FFD21B7404E}.Release|Any CPU.ActiveCfg = Release|Any CPU
		{17C9E1F2-ED28-4812-9F5D-0FFD21B7404E}.Release|Any CPU.Build.0 = Release|Any CPU
		{98A5A872-6556-4EFA-A673-E12A1C2414DC}.Debug|Any CPU.ActiveCfg = Debug|Any CPU
		{98A5A872-6556-4EFA-A673-E12A1C2414DC}.Debug|Any CPU.Build.0 = Debug|Any CPU
		{98A5A872-6556-4EFA-A673-E12A1C2414DC}.Release|Any CPU.ActiveCfg = Release|Any CPU
		{98A5A872-6556-4EFA-A673-E12A1C2414DC}.Release|Any CPU.Build.0 = Release|Any CPU
	EndGlobalSection
	GlobalSection(SolutionProperties) = preSolution
		HideSolutionNode = FALSE
	EndGlobalSection
	GlobalSection(NestedProjects) = preSolution
		{2499C036-1753-4DF5-B0AA-D2A1ECD11D53} = {90D59615-1859-4A6D-BEB5-F8319ACF7D44}
		{37B7119D-315E-4A32-9C10-23162E6F58E3} = {2499C036-1753-4DF5-B0AA-D2A1ECD11D53}
		{CE104DA0-9ABC-4BA0-9B3F-8F1E2012759B} = {2499C036-1753-4DF5-B0AA-D2A1ECD11D53}
		{41ED37DA-AB4A-4071-B898-2525CA05E3C7} = {9FF3684D-D2C0-475E-AA11-0DF455CC4AD8}
		{9FF3684D-D2C0-475E-AA11-0DF455CC4AD8} = {2499C036-1753-4DF5-B0AA-D2A1ECD11D53}
		{AB3C3819-8CA4-40A0-8632-9D5C812D5876} = {FF9D62F8-9E29-4ADD-BF40-8AF01A294EDB}
		{B56D0535-9703-4E13-911B-D22EADFE7A66} = {AB3C3819-8CA4-40A0-8632-9D5C812D5876}
		{9AFFF9E9-F413-4359-9B1A-7EEB11D45C07} = {AB3C3819-8CA4-40A0-8632-9D5C812D5876}
		{4593B559-F75D-465C-95EE-D1EFB743EA4C} = {AB3C3819-8CA4-40A0-8632-9D5C812D5876}
		{B71374DA-FC8A-425D-BAC9-AA00E5EED713} = {4593B559-F75D-465C-95EE-D1EFB743EA4C}
		{AB21A28F-79CE-4900-A640-8DB81BB39483} = {90D59615-1859-4A6D-BEB5-F8319ACF7D44}
		{F2BF37BE-DF2D-4B4E-87B3-4252CD983C61} = {90D59615-1859-4A6D-BEB5-F8319ACF7D44}
		{D03A4C6E-8BC7-4070-AC7B-22F5DAC3DC16} = {AB21A28F-79CE-4900-A640-8DB81BB39483}
		{32EFC91C-731B-4B31-A4E5-4B650D4E9AE8} = {AB21A28F-79CE-4900-A640-8DB81BB39483}
		{0DA5441A-F11C-45C9-B4AD-A66C7AB0883D} = {AB21A28F-79CE-4900-A640-8DB81BB39483}
		{F897F4CC-78D7-4BB1-95DF-8517E049D340} = {F2BF37BE-DF2D-4B4E-87B3-4252CD983C61}
		{8AB9DC30-756D-435E-AD84-9DAC51EDC304} = {0DA5441A-F11C-45C9-B4AD-A66C7AB0883D}
		{7913E545-194F-4846-B8C7-E6E31762F6AF} = {F2BF37BE-DF2D-4B4E-87B3-4252CD983C61}
		{819DC27C-26BC-464A-80CA-3864773D4062} = {F2BF37BE-DF2D-4B4E-87B3-4252CD983C61}
		{EBD796AC-2F41-431C-90F6-FD66BBB5FDB6} = {F897F4CC-78D7-4BB1-95DF-8517E049D340}
		{9176C881-0A98-4255-93F8-79BB2002D72D} = {90D59615-1859-4A6D-BEB5-F8319ACF7D44}
		{39428970-6C7B-4BA9-ABD6-2C7EE777730E} = {9176C881-0A98-4255-93F8-79BB2002D72D}
		{BDA2CB7B-1739-4967-B028-9D3E6DFDB0CC} = {9176C881-0A98-4255-93F8-79BB2002D72D}
		{17C9E1F2-ED28-4812-9F5D-0FFD21B7404E} = {9176C881-0A98-4255-93F8-79BB2002D72D}
		{98A5A872-6556-4EFA-A673-E12A1C2414DC} = {39428970-6C7B-4BA9-ABD6-2C7EE777730E}
	EndGlobalSection
	GlobalSection(ExtensibilityGlobals) = postSolution
		SolutionGuid = {1AF2DC4D-1657-45BD-8ABC-88205BD22087}
	EndGlobalSection
EndGlobal
